// !$*UTF8*$!
{
	archiveVersion = 1;
	classes = {
	};
	objectVersion = 55;
	objects = {

/* Begin PBXBuildFile section */
		B9E8148028B1FA2E0078E78E /* AppDelegate.swift in Sources */ = {isa = PBXBuildFile; fileRef = B9E8147F28B1FA2E0078E78E /* AppDelegate.swift */; };
		B9E8148228B1FA2E0078E78E /* SceneDelegate.swift in Sources */ = {isa = PBXBuildFile; fileRef = B9E8148128B1FA2E0078E78E /* SceneDelegate.swift */; };
		B9E8148428B1FA2E0078E78E /* ViewController.swift in Sources */ = {isa = PBXBuildFile; fileRef = B9E8148328B1FA2E0078E78E /* ViewController.swift */; };
		B9E8148728B1FA2E0078E78E /* Main.storyboard in Resources */ = {isa = PBXBuildFile; fileRef = B9E8148528B1FA2E0078E78E /* Main.storyboard */; };
		B9E8148928B1FA2F0078E78E /* Assets.xcassets in Resources */ = {isa = PBXBuildFile; fileRef = B9E8148828B1FA2F0078E78E /* Assets.xcassets */; };
		B9E8148C28B1FA2F0078E78E /* LaunchScreen.storyboard in Resources */ = {isa = PBXBuildFile; fileRef = B9E8148A28B1FA2F0078E78E /* LaunchScreen.storyboard */; };
		B9E8149428B1FCD40078E78E /* DiaryCell.swift in Sources */ = {isa = PBXBuildFile; fileRef = B9E8149328B1FCD40078E78E /* DiaryCell.swift */; };
		B9E8149628B1FD320078E78E /* StarViewController.swift in Sources */ = {isa = PBXBuildFile; fileRef = B9E8149528B1FD320078E78E /* StarViewController.swift */; };
		B9E8149828B1FE4B0078E78E /* StartCell.swift in Sources */ = {isa = PBXBuildFile; fileRef = B9E8149728B1FE4B0078E78E /* StartCell.swift */; };
		B9E8149A28B1FFE60078E78E /* WriteDiaryViewController.swift in Sources */ = {isa = PBXBuildFile; fileRef = B9E8149928B1FFE60078E78E /* WriteDiaryViewController.swift */; };
		B9E8149C28B200330078E78E /* DiaryDetailViewController.swift in Sources */ = {isa = PBXBuildFile; fileRef = B9E8149B28B200330078E78E /* DiaryDetailViewController.swift */; };
		B9E8149E28B20CE20078E78E /* Diary.swift in Sources */ = {isa = PBXBuildFile; fileRef = B9E8149D28B20CE20078E78E /* Diary.swift */; };
/* End PBXBuildFile section */

/* Begin PBXFileReference section */
		B9E8147C28B1FA2E0078E78E /* Diary.app */ = {isa = PBXFileReference; explicitFileType = wrapper.application; includeInIndex = 0; path = Diary.app; sourceTree = BUILT_PRODUCTS_DIR; };
		B9E8147F28B1FA2E0078E78E /* AppDelegate.swift */ = {isa = PBXFileReference; lastKnownFileType = sourcecode.swift; path = AppDelegate.swift; sourceTree = "<group>"; };
		B9E8148128B1FA2E0078E78E /* SceneDelegate.swift */ = {isa = PBXFileReference; lastKnownFileType = sourcecode.swift; path = SceneDelegate.swift; sourceTree = "<group>"; };
		B9E8148328B1FA2E0078E78E /* ViewController.swift */ = {isa = PBXFileReference; lastKnownFileType = sourcecode.swift; path = ViewController.swift; sourceTree = "<group>"; };
		B9E8148628B1FA2E0078E78E /* Base */ = {isa = PBXFileReference; lastKnownFileType = file.storyboard; name = Base; path = Base.lproj/Main.storyboard; sourceTree = "<group>"; };
		B9E8148828B1FA2F0078E78E /* Assets.xcassets */ = {isa = PBXFileReference; lastKnownFileType = folder.assetcatalog; path = Assets.xcassets; sourceTree = "<group>"; };
		B9E8148B28B1FA2F0078E78E /* Base */ = {isa = PBXFileReference; lastKnownFileType = file.storyboard; name = Base; path = Base.lproj/LaunchScreen.storyboard; sourceTree = "<group>"; };
		B9E8148D28B1FA2F0078E78E /* Info.plist */ = {isa = PBXFileReference; lastKnownFileType = text.plist.xml; path = Info.plist; sourceTree = "<group>"; };
		B9E8149328B1FCD40078E78E /* DiaryCell.swift */ = {isa = PBXFileReference; lastKnownFileType = sourcecode.swift; path = DiaryCell.swift; sourceTree = "<group>"; };
		B9E8149528B1FD320078E78E /* StarViewController.swift */ = {isa = PBXFileReference; lastKnownFileType = sourcecode.swift; path = StarViewController.swift; sourceTree = "<group>"; };
		B9E8149728B1FE4B0078E78E /* StartCell.swift */ = {isa = PBXFileReference; lastKnownFileType = sourcecode.swift; path = StartCell.swift; sourceTree = "<group>"; };
		B9E8149928B1FFE60078E78E /* WriteDiaryViewController.swift */ = {isa = PBXFileReference; lastKnownFileType = sourcecode.swift; path = WriteDiaryViewController.swift; sourceTree = "<group>"; };
		B9E8149B28B200330078E78E /* DiaryDetailViewController.swift */ = {isa = PBXFileReference; lastKnownFileType = sourcecode.swift; path = DiaryDetailViewController.swift; sourceTree = "<group>"; };
		B9E8149D28B20CE20078E78E /* Diary.swift */ = {isa = PBXFileReference; lastKnownFileType = sourcecode.swift; path = Diary.swift; sourceTree = "<group>"; };
/* End PBXFileReference section */

/* Begin PBXFrameworksBuildPhase section */
		B9E8147928B1FA2E0078E78E /* Frameworks */ = {
			isa = PBXFrameworksBuildPhase;
			buildActionMask = 2147483647;
			files = (
			);
			runOnlyForDeploymentPostprocessing = 0;
		};
/* End PBXFrameworksBuildPhase section */

/* Begin PBXGroup section */
		B9E8147328B1FA2E0078E78E = {
			isa = PBXGroup;
			children = (
				B9E8147E28B1FA2E0078E78E /* Diary */,
				B9E8147D28B1FA2E0078E78E /* Products */,
			);
			sourceTree = "<group>";
		};
		B9E8147D28B1FA2E0078E78E /* Products */ = {
			isa = PBXGroup;
			children = (
				B9E8147C28B1FA2E0078E78E /* Diary.app */,
			);
			name = Products;
			sourceTree = "<group>";
		};
		B9E8147E28B1FA2E0078E78E /* Diary */ = {
			isa = PBXGroup;
			children = (
				B9E8147F28B1FA2E0078E78E /* AppDelegate.swift */,
				B9E8148128B1FA2E0078E78E /* SceneDelegate.swift */,
				B9E8148328B1FA2E0078E78E /* ViewController.swift */,
				B9E8148528B1FA2E0078E78E /* Main.storyboard */,
				B9E8148828B1FA2F0078E78E /* Assets.xcassets */,
				B9E8148A28B1FA2F0078E78E /* LaunchScreen.storyboard */,
				B9E8148D28B1FA2F0078E78E /* Info.plist */,
				B9E8149328B1FCD40078E78E /* DiaryCell.swift */,
				B9E8149528B1FD320078E78E /* StarViewController.swift */,
				B9E8149728B1FE4B0078E78E /* StartCell.swift */,
				B9E8149928B1FFE60078E78E /* WriteDiaryViewController.swift */,
				B9E8149B28B200330078E78E /* DiaryDetailViewController.swift */,
				B9E8149D28B20CE20078E78E /* Diary.swift */,
			);
			path = Diary;
			sourceTree = "<group>";
		};
/* End PBXGroup section */

/* Begin PBXNativeTarget section */
		B9E8147B28B1FA2E0078E78E /* Diary */ = {
			isa = PBXNativeTarget;
			buildConfigurationList = B9E8149028B1FA2F0078E78E /* Build configuration list for PBXNativeTarget "Diary" */;
			buildPhases = (
				B9E8147828B1FA2E0078E78E /* Sources */,
				B9E8147928B1FA2E0078E78E /* Frameworks */,
				B9E8147A28B1FA2E0078E78E /* Resources */,
			);
			buildRules = (
			);
			dependencies = (
			);
			name = Diary;
			productName = Diary;
			productReference = B9E8147C28B1FA2E0078E78E /* Diary.app */;
			productType = "com.apple.product-type.application";
		};
/* End PBXNativeTarget section */

/* Begin PBXProject section */
		B9E8147428B1FA2E0078E78E /* Project object */ = {
			isa = PBXProject;
			attributes = {
				BuildIndependentTargetsInParallel = 1;
				LastSwiftUpdateCheck = 1340;
				LastUpgradeCheck = 1340;
				TargetAttributes = {
					B9E8147B28B1FA2E0078E78E = {
						CreatedOnToolsVersion = 13.4;
					};
				};
			};
			buildConfigurationList = B9E8147728B1FA2E0078E78E /* Build configuration list for PBXProject "Diary" */;
			compatibilityVersion = "Xcode 13.0";
			developmentRegion = en;
			hasScannedForEncodings = 0;
			knownRegions = (
				en,
				Base,
			);
			mainGroup = B9E8147328B1FA2E0078E78E;
			productRefGroup = B9E8147D28B1FA2E0078E78E /* Products */;
			projectDirPath = "";
			projectRoot = "";
			targets = (
				B9E8147B28B1FA2E0078E78E /* Diary */,
			);
		};
/* End PBXProject section */

/* Begin PBXResourcesBuildPhase section */
		B9E8147A28B1FA2E0078E78E /* Resources */ = {
			isa = PBXResourcesBuildPhase;
			buildActionMask = 2147483647;
			files = (
				B9E8148C28B1FA2F0078E78E /* LaunchScreen.storyboard in Resources */,
				B9E8148928B1FA2F0078E78E /* Assets.xcassets in Resources */,
				B9E8148728B1FA2E0078E78E /* Main.storyboard in Resources */,
			);
			runOnlyForDeploymentPostprocessing = 0;
		};
/* End PBXResourcesBuildPhase section */

/* Begin PBXSourcesBuildPhase section */
		B9E8147828B1FA2E0078E78E /* Sources */ = {
			isa = PBXSourcesBuildPhase;
			buildActionMask = 2147483647;
			files = (
				B9E8148428B1FA2E0078E78E /* ViewController.swift in Sources */,
				B9E8149A28B1FFE60078E78E /* WriteDiaryViewController.swift in Sources */,
				B9E8148028B1FA2E0078E78E /* AppDelegate.swift in Sources */,
				B9E8148228B1FA2E0078E78E /* SceneDelegate.swift in Sources */,
				B9E8149428B1FCD40078E78E /* DiaryCell.swift in Sources */,
				B9E8149E28B20CE20078E78E /* Diary.swift in Sources */,
				B9E8149C28B200330078E78E /* DiaryDetailViewController.swift in Sources */,
				B9E8149828B1FE4B0078E78E /* StartCell.swift in Sources */,
				B9E8149628B1FD320078E78E /* StarViewController.swift in Sources */,
			);
			runOnlyForDeploymentPostprocessing = 0;
		};
/* End PBXSourcesBuildPhase section */

/* Begin PBXVariantGroup section */
		B9E8148528B1FA2E0078E78E /* Main.storyboard */ = {
			isa = PBXVariantGroup;
			children = (
				B9E8148628B1FA2E0078E78E /* Base */,
			);
			name = Main.storyboard;
			sourceTree = "<group>";
		};
		B9E8148A28B1FA2F0078E78E /* LaunchScreen.storyboard */ = {
			isa = PBXVariantGroup;
			children = (
				B9E8148B28B1FA2F0078E78E /* Base */,
			);
			name = LaunchScreen.storyboard;
			sourceTree = "<group>";
		};
/* End PBXVariantGroup section */

/* Begin XCBuildConfiguration section */
		B9E8148E28B1FA2F0078E78E /* Debug */ = {
			isa = XCBuildConfiguration;
			buildSettings = {
				ALWAYS_SEARCH_USER_PATHS = NO;
				CLANG_ANALYZER_NONNULL = YES;
				CLANG_ANALYZER_NUMBER_OBJECT_CONVERSION = YES_AGGRESSIVE;
				CLANG_CXX_LANGUAGE_STANDARD = "gnu++17";
				CLANG_ENABLE_MODULES = YES;
				CLANG_ENABLE_OBJC_ARC = YES;
				CLANG_ENABLE_OBJC_WEAK = YES;
				CLANG_WARN_BLOCK_CAPTURE_AUTORELEASING = YES;
				CLANG_WARN_BOOL_CONVERSION = YES;
				CLANG_WARN_COMMA = YES;
				CLANG_WARN_CONSTANT_CONVERSION = YES;
				CLANG_WARN_DEPRECATED_OBJC_IMPLEMENTATIONS = YES;
				CLANG_WARN_DIRECT_OBJC_ISA_USAGE = YES_ERROR;
				CLANG_WARN_DOCUMENTATION_COMMENTS = YES;
				CLANG_WARN_EMPTY_BODY = YES;
				CLANG_WARN_ENUM_CONVERSION = YES;
				CLANG_WARN_INFINITE_RECURSION = YES;
				CLANG_WARN_INT_CONVERSION = YES;
				CLANG_WARN_NON_LITERAL_NULL_CONVERSION = YES;
				CLANG_WARN_OBJC_IMPLICIT_RETAIN_SELF = YES;
				CLANG_WARN_OBJC_LITERAL_CONVERSION = YES;
				CLANG_WARN_OBJC_ROOT_CLASS = YES_ERROR;
				CLANG_WARN_QUOTED_INCLUDE_IN_FRAMEWORK_HEADER = YES;
				CLANG_WARN_RANGE_LOOP_ANALYSIS = YES;
				CLANG_WARN_STRICT_PROTOTYPES = YES;
				CLANG_WARN_SUSPICIOUS_MOVE = YES;
				CLANG_WARN_UNGUARDED_AVAILABILITY = YES_AGGRESSIVE;
				CLANG_WARN_UNREACHABLE_CODE = YES;
				CLANG_WARN__DUPLICATE_METHOD_MATCH = YES;
				COPY_PHASE_STRIP = NO;
				DEBUG_INFORMATION_FORMAT = dwarf;
				ENABLE_STRICT_OBJC_MSGSEND = YES;
				ENABLE_TESTABILITY = YES;
				GCC_C_LANGUAGE_STANDARD = gnu11;
				GCC_DYNAMIC_NO_PIC = NO;
				GCC_NO_COMMON_BLOCKS = YES;
				GCC_OPTIMIZATION_LEVEL = 0;
				GCC_PREPROCESSOR_DEFINITIONS = (
					"DEBUG=1",
					"$(inherited)",
				);
				GCC_WARN_64_TO_32_BIT_CONVERSION = YES;
				GCC_WARN_ABOUT_RETURN_TYPE = YES_ERROR;
				GCC_WARN_UNDECLARED_SELECTOR = YES;
				GCC_WARN_UNINITIALIZED_AUTOS = YES_AGGRESSIVE;
				GCC_WARN_UNUSED_FUNCTION = YES;
				GCC_WARN_UNUSED_VARIABLE = YES;
				IPHONEOS_DEPLOYMENT_TARGET = 15.5;
				MTL_ENABLE_DEBUG_INFO = INCLUDE_SOURCE;
				MTL_FAST_MATH = YES;
				ONLY_ACTIVE_ARCH = YES;
				SDKROOT = iphoneos;
				SWIFT_ACTIVE_COMPILATION_CONDITIONS = DEBUG;
				SWIFT_OPTIMIZATION_LEVEL = "-Onone";
			};
			name = Debug;
		};
		B9E8148F28B1FA2F0078E78E /* Release */ = {
			isa = XCBuildConfiguration;
			buildSettings = {
				ALWAYS_SEARCH_USER_PATHS = NO;
				CLANG_ANALYZER_NONNULL = YES;
				CLANG_ANALYZER_NUMBER_OBJECT_CONVERSION = YES_AGGRESSIVE;
				CLANG_CXX_LANGUAGE_STANDARD = "gnu++17";
				CLANG_ENABLE_MODULES = YES;
				CLANG_ENABLE_OBJC_ARC = YES;
				CLANG_ENABLE_OBJC_WEAK = YES;
				CLANG_WARN_BLOCK_CAPTURE_AUTORELEASING = YES;
				CLANG_WARN_BOOL_CONVERSION = YES;
				CLANG_WARN_COMMA = YES;
				CLANG_WARN_CONSTANT_CONVERSION = YES;
				CLANG_WARN_DEPRECATED_OBJC_IMPLEMENTATIONS = YES;
				CLANG_WARN_DIRECT_OBJC_ISA_USAGE = YES_ERROR;
				CLANG_WARN_DOCUMENTATION_COMMENTS = YES;
				CLANG_WARN_EMPTY_BODY = YES;
				CLANG_WARN_ENUM_CONVERSION = YES;
				CLANG_WARN_INFINITE_RECURSION = YES;
				CLANG_WARN_INT_CONVERSION = YES;
				CLANG_WARN_NON_LITERAL_NULL_CONVERSION = YES;
				CLANG_WARN_OBJC_IMPLICIT_RETAIN_SELF = YES;
				CLANG_WARN_OBJC_LITERAL_CONVERSION = YES;
				CLANG_WARN_OBJC_ROOT_CLASS = YES_ERROR;
				CLANG_WARN_QUOTED_INCLUDE_IN_FRAMEWORK_HEADER = YES;
				CLANG_WARN_RANGE_LOOP_ANALYSIS = YES;
				CLANG_WARN_STRICT_PROTOTYPES = YES;
				CLANG_WARN_SUSPICIOUS_MOVE = YES;
				CLANG_WARN_UNGUARDED_AVAILABILITY = YES_AGGRESSIVE;
				CLANG_WARN_UNREACHABLE_CODE = YES;
				CLANG_WARN__DUPLICATE_METHOD_MATCH = YES;
				COPY_PHASE_STRIP = NO;
				DEBUG_INFORMATION_FORMAT = "dwarf-with-dsym";
				ENABLE_NS_ASSERTIONS = NO;
				ENABLE_STRICT_OBJC_MSGSEND = YES;
				GCC_C_LANGUAGE_STANDARD = gnu11;
				GCC_NO_COMMON_BLOCKS = YES;
				GCC_WARN_64_TO_32_BIT_CONVERSION = YES;
				GCC_WARN_ABOUT_RETURN_TYPE = YES_ERROR;
				GCC_WARN_UNDECLARED_SELECTOR = YES;
				GCC_WARN_UNINITIALIZED_AUTOS = YES_AGGRESSIVE;
				GCC_WARN_UNUSED_FUNCTION = YES;
				GCC_WARN_UNUSED_VARIABLE = YES;
				IPHONEOS_DEPLOYMENT_TARGET = 15.5;
				MTL_ENABLE_DEBUG_INFO = NO;
				MTL_FAST_MATH = YES;
				SDKROOT = iphoneos;
				SWIFT_COMPILATION_MODE = wholemodule;
				SWIFT_OPTIMIZATION_LEVEL = "-O";
				VALIDATE_PRODUCT = YES;
			};
			name = Release;
		};
		B9E8149128B1FA2F0078E78E /* Debug */ = {
			isa = XCBuildConfiguration;
			buildSettings = {
				ASSETCATALOG_COMPILER_APPICON_NAME = AppIcon;
				ASSETCATALOG_COMPILER_GLOBAL_ACCENT_COLOR_NAME = AccentColor;
				CODE_SIGN_STYLE = Automatic;
				CURRENT_PROJECT_VERSION = 1;
				DEVELOPMENT_TEAM = NMLQKC3L6A;
				GENERATE_INFOPLIST_FILE = YES;
				INFOPLIST_FILE = Diary/Info.plist;
				INFOPLIST_KEY_UIApplicationSupportsIndirectInputEvents = YES;
				INFOPLIST_KEY_UILaunchStoryboardName = LaunchScreen;
				INFOPLIST_KEY_UIMainStoryboardFile = Main;
				INFOPLIST_KEY_UISupportedInterfaceOrientations_iPad = "UIInterfaceOrientationPortrait UIInterfaceOrientationPortraitUpsideDown UIInterfaceOrientationLandscapeLeft UIInterfaceOrientationLandscapeRight";
				INFOPLIST_KEY_UISupportedInterfaceOrientations_iPhone = "UIInterfaceOrientationPortrait UIInterfaceOrientationLandscapeLeft UIInterfaceOrientationLandscapeRight";
				LD_RUNPATH_SEARCH_PATHS = (
					"$(inherited)",
					"@executable_path/Frameworks",
				);
				MARKETING_VERSION = 1.0;
				PRODUCT_BUNDLE_IDENTIFIER = kr.aphylee.Diary;
				PRODUCT_NAME = "$(TARGET_NAME)";
				SWIFT_EMIT_LOC_STRINGS = YES;
				SWIFT_VERSION = 5.0;
				TARGETED_DEVICE_FAMILY = "1,2";
			};
			name = Debug;
		};
		B9E8149228B1FA2F0078E78E /* Release */ = {
			isa = XCBuildConfiguration;
			buildSettings = {
				ASSETCATALOG_COMPILER_APPICON_NAME = AppIcon;
				ASSETCATALOG_COMPILER_GLOBAL_ACCENT_COLOR_NAME = AccentColor;
				CODE_SIGN_STYLE = Automatic;
				CURRENT_PROJECT_VERSION = 1;
				DEVELOPMENT_TEAM = NMLQKC3L6A;
				GENERATE_INFOPLIST_FILE = YES;
				INFOPLIST_FILE = Diary/Info.plist;
				INFOPLIST_KEY_UIApplicationSupportsIndirectInputEvents = YES;
				INFOPLIST_KEY_UILaunchStoryboardName = LaunchScreen;
				INFOPLIST_KEY_UIMainStoryboardFile = Main;
				INFOPLIST_KEY_UISupportedInterfaceOrientations_iPad = "UIInterfaceOrientationPortrait UIInterfaceOrientationPortraitUpsideDown UIInterfaceOrientationLandscapeLeft UIInterfaceOrientationLandscapeRight";
				INFOPLIST_KEY_UISupportedInterfaceOrientations_iPhone = "UIInterfaceOrientationPortrait UIInterfaceOrientationLandscapeLeft UIInterfaceOrientationLandscapeRight";
				LD_RUNPATH_SEARCH_PATHS = (
					"$(inherited)",
					"@executable_path/Frameworks",
				);
				MARKETING_VERSION = 1.0;
				PRODUCT_BUNDLE_IDENTIFIER = kr.aphylee.Diary;
				PRODUCT_NAME = "$(TARGET_NAME)";
				SWIFT_EMIT_LOC_STRINGS = YES;
				SWIFT_VERSION = 5.0;
				TARGETED_DEVICE_FAMILY = "1,2";
			};
			name = Release;
		};
/* End XCBuildConfiguration section */

/* Begin XCConfigurationList section */
		B9E8147728B1FA2E0078E78E /* Build configuration list for PBXProject "Diary" */ = {
			isa = XCConfigurationList;
			buildConfigurations = (
				B9E8148E28B1FA2F0078E78E /* Debug */,
				B9E8148F28B1FA2F0078E78E /* Release */,
			);
			defaultConfigurationIsVisible = 0;
			defaultConfigurationName = Release;
		};
		B9E8149028B1FA2F0078E78E /* Build configuration list for PBXNativeTarget "Diary" */ = {
			isa = XCConfigurationList;
			buildConfigurations = (
				B9E8149128B1FA2F0078E78E /* Debug */,
				B9E8149228B1FA2F0078E78E /* Release */,
			);
			defaultConfigurationIsVisible = 0;
			defaultConfigurationName = Release;
		};
/* End XCConfigurationList section */
	};
	rootObject = B9E8147428B1FA2E0078E78E /* Project object */;
}
